
Microsoft Visual Studio Solution File, Format Version 12.00
Project("{FAE04EC0-301F-11D3-BF4B-00C04F79EFBC}") = "Map", "Map\Map.csproj", "{5101BA58-495D-4FA3-BC7F-5A398FF90DB7}"
EndProject
Project("{FAE04EC0-301F-11D3-BF4B-00C04F79EFBC}") = "getFromWeb", "getFromWeb\getFromWeb.csproj", "{B1F0CAA9-5877-42FF-B18A-709C96204ADC}"
EndProject
Global
	GlobalSection(SolutionConfigurationPlatforms) = preSolution
		Debug|Any CPU = Debug|Any CPU
		Release|Any CPU = Release|Any CPU
	EndGlobalSection
	GlobalSection(ProjectConfigurationPlatforms) = postSolution
		{5101BA58-495D-4FA3-BC7F-5A398FF90DB7}.Debug|Any CPU.ActiveCfg = Debug|Any CPU
		{5101BA58-495D-4FA3-BC7F-5A398FF90DB7}.Debug|Any CPU.Build.0 = Debug|Any CPU
		{5101BA58-495D-4FA3-BC7F-5A398FF90DB7}.Release|Any CPU.ActiveCfg = Release|Any CPU
		{5101BA58-495D-4FA3-BC7F-5A398FF90DB7}.Release|Any CPU.Build.0 = Release|Any CPU
		{B1F0CAA9-5877-42FF-B18A-709C96204ADC}.Debug|Any CPU.ActiveCfg = Debug|Any CPU
		{B1F0CAA9-5877-42FF-B18A-709C96204ADC}.Debug|Any CPU.Build.0 = Debug|Any CPU
		{B1F0CAA9-5877-42FF-B18A-709C96204ADC}.Release|Any CPU.ActiveCfg = Release|Any CPU
		{B1F0CAA9-5877-42FF-B18A-709C96204ADC}.Release|Any CPU.Build.0 = Release|Any CPU
	EndGlobalSection
EndGlobal
